
Microsoft Visual Studio Solution File, Format Version 12.00
# Visual Studio 2013
VisualStudioVersion = 12.0.31101.0
MinimumVisualStudioVersion = 10.0.40219.1
Project("{FAE04EC0-301F-11D3-BF4B-00C04F79EFBC}") = "_411_University", "411 University\_411_University.csproj", "{BB1757B2-74D0-490E-8ED0-D7D95F37A8C9}"
EndProject
Project("{FAE04EC0-301F-11D3-BF4B-00C04F79EFBC}") = "_411_University.Tests", "_411_University.Tests\_411_University.Tests.csproj", "{08310660-F6D5-46B0-A5DA-07B7291E9A85}"
EndProject
Global
	GlobalSection(SolutionConfigurationPlatforms) = preSolution
		Debug|Any CPU = Debug|Any CPU
		Release|Any CPU = Release|Any CPU
	EndGlobalSection
	GlobalSection(ProjectConfigurationPlatforms) = postSolution
		{BB1757B2-74D0-490E-8ED0-D7D95F37A8C9}.Debug|Any CPU.ActiveCfg = Debug|Any CPU
		{BB1757B2-74D0-490E-8ED0-D7D95F37A8C9}.Debug|Any CPU.Build.0 = Debug|Any CPU
		{BB1757B2-74D0-490E-8ED0-D7D95F37A8C9}.Release|Any CPU.ActiveCfg = Release|Any CPU
		{BB1757B2-74D0-490E-8ED0-D7D95F37A8C9}.Release|Any CPU.Build.0 = Release|Any CPU
		{08310660-F6D5-46B0-A5DA-07B7291E9A85}.Debug|Any CPU.ActiveCfg = Debug|Any CPU
		{08310660-F6D5-46B0-A5DA-07B7291E9A85}.Debug|Any CPU.Build.0 = Debug|Any CPU
		{08310660-F6D5-46B0-A5DA-07B7291E9A85}.Release|Any CPU.ActiveCfg = Release|Any CPU
		{08310660-F6D5-46B0-A5DA-07B7291E9A85}.Release|Any CPU.Build.0 = Release|Any CPU
	EndGlobalSection
	GlobalSection(SolutionProperties) = preSolution
		HideSolutionNode = FALSE
	EndGlobalSection
EndGlobal
